
Microsoft Visual Studio Solution File, Format Version 12.00
# Visual Studio 15
VisualStudioVersion = 15.0.28010.2041
MinimumVisualStudioVersion = 10.0.40219.1
Project("{FAE04EC0-301F-11D3-BF4B-00C04F79EFBC}") = "ContactsApp", "ContactsApp\ContactsApp.csproj", "{1384EF86-67AF-438B-87FC-0E3848EC42F5}"
EndProject
Global
	GlobalSection(SolutionConfigurationPlatforms) = preSolution
		Debug|Any CPU = Debug|Any CPU
		Release|Any CPU = Release|Any CPU
	EndGlobalSection
	GlobalSection(ProjectConfigurationPlatforms) = postSolution
		{1384EF86-67AF-438B-87FC-0E3848EC42F5}.Debug|Any CPU.ActiveCfg = Debug|Any CPU
		{1384EF86-67AF-438B-87FC-0E3848EC42F5}.Debug|Any CPU.Build.0 = Debug|Any CPU
		{1384EF86-67AF-438B-87FC-0E3848EC42F5}.Release|Any CPU.ActiveCfg = Release|Any CPU
		{1384EF86-67AF-438B-87FC-0E3848EC42F5}.Release|Any CPU.Build.0 = Release|Any CPU
	EndGlobalSection
	GlobalSection(SolutionProperties) = preSolution
		HideSolutionNode = FALSE
	EndGlobalSection
	GlobalSection(ExtensibilityGlobals) = postSolution
		SolutionGuid = {6ADFC7E8-EBC3-4AA7-86DB-F87047BB0283}
	EndGlobalSection
EndGlobal
