
Microsoft Visual Studio Solution File, Format Version 12.00
# Visual Studio 15
VisualStudioVersion = 15.0.28010.2041
MinimumVisualStudioVersion = 10.0.40219.1
Project("{FAE04EC0-301F-11D3-BF4B-00C04F79EFBC}") = "ContactsAppUI", "ContactsAppUI\ContactsAppUI.csproj", "{093E4F54-A85E-4CF5-ABCF-8DCBC0293FAE}"
EndProject
Project("{FAE04EC0-301F-11D3-BF4B-00C04F79EFBC}") = "ContactsApp", "..\ContactsApp\ContactsApp\ContactsApp.csproj", "{1384EF86-67AF-438B-87FC-0E3848EC42F5}"
EndProject
Project("{FAE04EC0-301F-11D3-BF4B-00C04F79EFBC}") = "ContactsApp.UnitTest", "ContactsApp.UnitTest\ContactsApp.UnitTest.csproj", "{42F501F1-0052-475B-A591-BC207FB7E128}"
EndProject
Global
	GlobalSection(SolutionConfigurationPlatforms) = preSolution
		Debug|Any CPU = Debug|Any CPU
		Release|Any CPU = Release|Any CPU
	EndGlobalSection
	GlobalSection(ProjectConfigurationPlatforms) = postSolution
		{093E4F54-A85E-4CF5-ABCF-8DCBC0293FAE}.Debug|Any CPU.ActiveCfg = Debug|Any CPU
		{093E4F54-A85E-4CF5-ABCF-8DCBC0293FAE}.Debug|Any CPU.Build.0 = Debug|Any CPU
		{093E4F54-A85E-4CF5-ABCF-8DCBC0293FAE}.Release|Any CPU.ActiveCfg = Release|Any CPU
		{093E4F54-A85E-4CF5-ABCF-8DCBC0293FAE}.Release|Any CPU.Build.0 = Release|Any CPU
		{1384EF86-67AF-438B-87FC-0E3848EC42F5}.Debug|Any CPU.ActiveCfg = Debug|Any CPU
		{1384EF86-67AF-438B-87FC-0E3848EC42F5}.Debug|Any CPU.Build.0 = Debug|Any CPU
		{1384EF86-67AF-438B-87FC-0E3848EC42F5}.Release|Any CPU.ActiveCfg = Release|Any CPU
		{1384EF86-67AF-438B-87FC-0E3848EC42F5}.Release|Any CPU.Build.0 = Release|Any CPU
		{42F501F1-0052-475B-A591-BC207FB7E128}.Debug|Any CPU.ActiveCfg = Debug|Any CPU
		{42F501F1-0052-475B-A591-BC207FB7E128}.Debug|Any CPU.Build.0 = Debug|Any CPU
		{42F501F1-0052-475B-A591-BC207FB7E128}.Release|Any CPU.ActiveCfg = Release|Any CPU
		{42F501F1-0052-475B-A591-BC207FB7E128}.Release|Any CPU.Build.0 = Release|Any CPU
	EndGlobalSection
	GlobalSection(SolutionProperties) = preSolution
		HideSolutionNode = FALSE
	EndGlobalSection
	GlobalSection(ExtensibilityGlobals) = postSolution
		SolutionGuid = {E3B6A026-E483-4367-8658-DE76A7F82771}
	EndGlobalSection
EndGlobal
